
Microsoft Visual Studio Solution File, Format Version 12.00
# Visual Studio Version 17
VisualStudioVersion = 17.8.34511.84
MinimumVisualStudioVersion = 10.0.40219.1
Project("{9A19103F-16F7-4668-BE54-9A1E7A4F7556}") = "Library", "Library\Library.csproj", "{E3775762-FEED-4C9A-8948-527684A019FC}"
EndProject
Project("{9A19103F-16F7-4668-BE54-9A1E7A4F7556}") = "Game", "Game\Game.csproj", "{6C646869-BD09-4D81-9A63-C1BD0ED49F08}"
EndProject
Global
	GlobalSection(SolutionConfigurationPlatforms) = preSolution
		Debug|Any CPU = Debug|Any CPU
		Release|Any CPU = Release|Any CPU
	EndGlobalSection
	GlobalSection(ProjectConfigurationPlatforms) = postSolution
		{E3775762-FEED-4C9A-8948-527684A019FC}.Debug|Any CPU.ActiveCfg = Debug|Any CPU
		{E3775762-FEED-4C9A-8948-527684A019FC}.Debug|Any CPU.Build.0 = Debug|Any CPU
		{E3775762-FEED-4C9A-8948-527684A019FC}.Release|Any CPU.ActiveCfg = Release|Any CPU
		{E3775762-FEED-4C9A-8948-527684A019FC}.Release|Any CPU.Build.0 = Release|Any CPU
		{6C646869-BD09-4D81-9A63-C1BD0ED49F08}.Debug|Any CPU.ActiveCfg = Debug|Any CPU
		{6C646869-BD09-4D81-9A63-C1BD0ED49F08}.Debug|Any CPU.Build.0 = Debug|Any CPU
		{6C646869-BD09-4D81-9A63-C1BD0ED49F08}.Release|Any CPU.ActiveCfg = Release|Any CPU
		{6C646869-BD09-4D81-9A63-C1BD0ED49F08}.Release|Any CPU.Build.0 = Release|Any CPU
	EndGlobalSection
	GlobalSection(SolutionProperties) = preSolution
		HideSolutionNode = FALSE
	EndGlobalSection
	GlobalSection(ExtensibilityGlobals) = postSolution
		SolutionGuid = {DF24137D-446A-496E-8914-4DF5DC66E2F1}
	EndGlobalSection
EndGlobal
